
Microsoft Visual Studio Solution File, Format Version 12.00
# Visual Studio 15
VisualStudioVersion = 15.0.28307.329
MinimumVisualStudioVersion = 10.0.40219.1
Project("{F184B08F-C81C-45F6-A57F-5ABD9991F28F}") = "ReportesVB", "ReportesVB\ReportesVB.vbproj", "{FA14C872-3EF9-4061-9240-808BC772E34B}"
EndProject
Global
	GlobalSection(SolutionConfigurationPlatforms) = preSolution
		Debug|Any CPU = Debug|Any CPU
		Release|Any CPU = Release|Any CPU
	EndGlobalSection
	GlobalSection(ProjectConfigurationPlatforms) = postSolution
		{FA14C872-3EF9-4061-9240-808BC772E34B}.Debug|Any CPU.ActiveCfg = Debug|Any CPU
		{FA14C872-3EF9-4061-9240-808BC772E34B}.Debug|Any CPU.Build.0 = Debug|Any CPU
		{FA14C872-3EF9-4061-9240-808BC772E34B}.Release|Any CPU.ActiveCfg = Release|Any CPU
		{FA14C872-3EF9-4061-9240-808BC772E34B}.Release|Any CPU.Build.0 = Release|Any CPU
	EndGlobalSection
	GlobalSection(SolutionProperties) = preSolution
		HideSolutionNode = FALSE
	EndGlobalSection
	GlobalSection(ExtensibilityGlobals) = postSolution
		SolutionGuid = {E0AC90BA-F832-4F95-8147-3FE23AD883EB}
	EndGlobalSection
EndGlobal
